
Microsoft Visual Studio Solution File, Format Version 12.00
# Visual Studio Version 17
VisualStudioVersion = 17.1.32421.90
MinimumVisualStudioVersion = 10.0.40219.1
Project("{FAE04EC0-301F-11D3-BF4B-00C04F79EFBC}") = "DependencyInjectionConcept", "DependencyInjectionConcept\DependencyInjectionConcept.csproj", "{71381D10-DF57-46F0-80C2-75AEE21C64D3}"
EndProject
Global
	GlobalSection(SolutionConfigurationPlatforms) = preSolution
		Debug|Any CPU = Debug|Any CPU
		Release|Any CPU = Release|Any CPU
	EndGlobalSection
	GlobalSection(ProjectConfigurationPlatforms) = postSolution
		{71381D10-DF57-46F0-80C2-75AEE21C64D3}.Debug|Any CPU.ActiveCfg = Debug|Any CPU
		{71381D10-DF57-46F0-80C2-75AEE21C64D3}.Debug|Any CPU.Build.0 = Debug|Any CPU
		{71381D10-DF57-46F0-80C2-75AEE21C64D3}.Release|Any CPU.ActiveCfg = Release|Any CPU
		{71381D10-DF57-46F0-80C2-75AEE21C64D3}.Release|Any CPU.Build.0 = Release|Any CPU
	EndGlobalSection
	GlobalSection(SolutionProperties) = preSolution
		HideSolutionNode = FALSE
	EndGlobalSection
	GlobalSection(ExtensibilityGlobals) = postSolution
		SolutionGuid = {4FA4A4BD-A571-450E-AE9C-AE5DB7B14DBD}
	EndGlobalSection
EndGlobal
